
Microsoft Visual Studio Solution File, Format Version 12.00
# Visual Studio Version 17
VisualStudioVersion = 17.11.35219.272
MinimumVisualStudioVersion = 10.0.40219.1
Project("{FAE04EC0-301F-11D3-BF4B-00C04F79EFBC}") = "GrpcGreeterClient", "GrpcGreeterClient.csproj", "{48E72043-D9F4-4B2E-9C61-B147F1B6868B}"
EndProject
Global
	GlobalSection(SolutionConfigurationPlatforms) = preSolution
		Debug|Any CPU = Debug|Any CPU
		Release|Any CPU = Release|Any CPU
	EndGlobalSection
	GlobalSection(ProjectConfigurationPlatforms) = postSolution
		{48E72043-D9F4-4B2E-9C61-B147F1B6868B}.Debug|Any CPU.ActiveCfg = Debug|Any CPU
		{48E72043-D9F4-4B2E-9C61-B147F1B6868B}.Debug|Any CPU.Build.0 = Debug|Any CPU
		{48E72043-D9F4-4B2E-9C61-B147F1B6868B}.Release|Any CPU.ActiveCfg = Release|Any CPU
		{48E72043-D9F4-4B2E-9C61-B147F1B6868B}.Release|Any CPU.Build.0 = Release|Any CPU
	EndGlobalSection
	GlobalSection(SolutionProperties) = preSolution
		HideSolutionNode = FALSE
	EndGlobalSection
	GlobalSection(ExtensibilityGlobals) = postSolution
		SolutionGuid = {CABB7601-45ED-4551-9B20-7797486E1541}
	EndGlobalSection
EndGlobal
